
Microsoft Visual Studio Solution File, Format Version 12.00
# Visual Studio Version 16
VisualStudioVersion = 16.0.32901.82
MinimumVisualStudioVersion = 10.0.40219.1
Project("{FAE04EC0-301F-11D3-BF4B-00C04F79EFBC}") = "11_homework_wpf", "11_homework_wpf\11_homework_wpf.csproj", "{2DD6DCDA-0DA0-4D3B-9271-BB4D32AA9BF2}"
EndProject
Global
	GlobalSection(SolutionConfigurationPlatforms) = preSolution
		Debug|Any CPU = Debug|Any CPU
		Release|Any CPU = Release|Any CPU
	EndGlobalSection
	GlobalSection(ProjectConfigurationPlatforms) = postSolution
		{2DD6DCDA-0DA0-4D3B-9271-BB4D32AA9BF2}.Debug|Any CPU.ActiveCfg = Debug|Any CPU
		{2DD6DCDA-0DA0-4D3B-9271-BB4D32AA9BF2}.Debug|Any CPU.Build.0 = Debug|Any CPU
		{2DD6DCDA-0DA0-4D3B-9271-BB4D32AA9BF2}.Release|Any CPU.ActiveCfg = Release|Any CPU
		{2DD6DCDA-0DA0-4D3B-9271-BB4D32AA9BF2}.Release|Any CPU.Build.0 = Release|Any CPU
	EndGlobalSection
	GlobalSection(SolutionProperties) = preSolution
		HideSolutionNode = FALSE
	EndGlobalSection
	GlobalSection(ExtensibilityGlobals) = postSolution
		SolutionGuid = {04451D32-5A72-4688-BCB8-537BC04C8BD8}
	EndGlobalSection
EndGlobal
