
Microsoft Visual Studio Solution File, Format Version 12.00
# Visual Studio Version 16
VisualStudioVersion = 16.0.32901.82
MinimumVisualStudioVersion = 10.0.40219.1
Project("{FAE04EC0-301F-11D3-BF4B-00C04F79EFBC}") = "10_WpfApp1", "10_WpfApp1\10_WpfApp1.csproj", "{DEBF458E-502C-4C2D-91F3-E840D0DDB87B}"
EndProject
Global
	GlobalSection(SolutionConfigurationPlatforms) = preSolution
		Debug|Any CPU = Debug|Any CPU
		Release|Any CPU = Release|Any CPU
	EndGlobalSection
	GlobalSection(ProjectConfigurationPlatforms) = postSolution
		{DEBF458E-502C-4C2D-91F3-E840D0DDB87B}.Debug|Any CPU.ActiveCfg = Debug|Any CPU
		{DEBF458E-502C-4C2D-91F3-E840D0DDB87B}.Debug|Any CPU.Build.0 = Debug|Any CPU
		{DEBF458E-502C-4C2D-91F3-E840D0DDB87B}.Release|Any CPU.ActiveCfg = Release|Any CPU
		{DEBF458E-502C-4C2D-91F3-E840D0DDB87B}.Release|Any CPU.Build.0 = Release|Any CPU
	EndGlobalSection
	GlobalSection(SolutionProperties) = preSolution
		HideSolutionNode = FALSE
	EndGlobalSection
	GlobalSection(ExtensibilityGlobals) = postSolution
		SolutionGuid = {AD73DFA3-420C-4BE5-9309-F277AC6E0B6C}
	EndGlobalSection
EndGlobal
